// !$*UTF8*$!
{
	archiveVersion = 1;
	classes = {
	};
	objectVersion = 46;
	objects = {

/* Begin PBXBuildFile section */
		D0FDEE1E18BBC6CD00D721A6 /* Foundation.framework in Frameworks */ = {isa = PBXBuildFile; fileRef = D0FDEE1D18BBC6CD00D721A6 /* Foundation.framework */; };
		D0FDEE2018BBC6CD00D721A6 /* CoreGraphics.framework in Frameworks */ = {isa = PBXBuildFile; fileRef = D0FDEE1F18BBC6CD00D721A6 /* CoreGraphics.framework */; };
		D0FDEE2218BBC6CD00D721A6 /* UIKit.framework in Frameworks */ = {isa = PBXBuildFile; fileRef = D0FDEE2118BBC6CD00D721A6 /* UIKit.framework */; };
		D0FDEE2818BBC6CD00D721A6 /* InfoPlist.strings in Resources */ = {isa = PBXBuildFile; fileRef = D0FDEE2618BBC6CD00D721A6 /* InfoPlist.strings */; };
		D0FDEE2A18BBC6CD00D721A6 /* main.m in Sources */ = {isa = PBXBuildFile; fileRef = D0FDEE2918BBC6CD00D721A6 /* main.m */; };
		D0FDEE2E18BBC6CD00D721A6 /* BNRAppDelegate.m in Sources */ = {isa = PBXBuildFile; fileRef = D0FDEE2D18BBC6CD00D721A6 /* BNRAppDelegate.m */; };
		D0FDEE3018BBC6CD00D721A6 /* Images.xcassets in Resources */ = {isa = PBXBuildFile; fileRef = D0FDEE2F18BBC6CD00D721A6 /* Images.xcassets */; };
		D0FDEE3718BBC6CD00D721A6 /* XCTest.framework in Frameworks */ = {isa = PBXBuildFile; fileRef = D0FDEE3618BBC6CD00D721A6 /* XCTest.framework */; };
		D0FDEE3818BBC6CD00D721A6 /* Foundation.framework in Frameworks */ = {isa = PBXBuildFile; fileRef = D0FDEE1D18BBC6CD00D721A6 /* Foundation.framework */; };
		D0FDEE3918BBC6CD00D721A6 /* UIKit.framework in Frameworks */ = {isa = PBXBuildFile; fileRef = D0FDEE2118BBC6CD00D721A6 /* UIKit.framework */; };
		D0FDEE4118BBC6CD00D721A6 /* InfoPlist.strings in Resources */ = {isa = PBXBuildFile; fileRef = D0FDEE3F18BBC6CD00D721A6 /* InfoPlist.strings */; };
		D0FDEE4318BBC6CD00D721A6 /* HypnoNerdTests.m in Sources */ = {isa = PBXBuildFile; fileRef = D0FDEE4218BBC6CD00D721A6 /* HypnoNerdTests.m */; };
/* End PBXBuildFile section */

/* Begin PBXContainerItemProxy section */
		D0FDEE3A18BBC6CD00D721A6 /* PBXContainerItemProxy */ = {
			isa = PBXContainerItemProxy;
			containerPortal = D0FDEE1218BBC6CD00D721A6 /* Project object */;
			proxyType = 1;
			remoteGlobalIDString = D0FDEE1918BBC6CD00D721A6;
			remoteInfo = HypnoNerd;
		};
/* End PBXContainerItemProxy section */

/* Begin PBXFileReference section */
		D0FDEE1A18BBC6CD00D721A6 /* HypnoNerd.app */ = {isa = PBXFileReference; explicitFileType = wrapper.application; includeInIndex = 0; path = HypnoNerd.app; sourceTree = BUILT_PRODUCTS_DIR; };
		D0FDEE1D18BBC6CD00D721A6 /* Foundation.framework */ = {isa = PBXFileReference; lastKnownFileType = wrapper.framework; name = Foundation.framework; path = System/Library/Frameworks/Foundation.framework; sourceTree = SDKROOT; };
		D0FDEE1F18BBC6CD00D721A6 /* CoreGraphics.framework */ = {isa = PBXFileReference; lastKnownFileType = wrapper.framework; name = CoreGraphics.framework; path = System/Library/Frameworks/CoreGraphics.framework; sourceTree = SDKROOT; };
		D0FDEE2118BBC6CD00D721A6 /* UIKit.framework */ = {isa = PBXFileReference; lastKnownFileType = wrapper.framework; name = UIKit.framework; path = System/Library/Frameworks/UIKit.framework; sourceTree = SDKROOT; };
		D0FDEE2518BBC6CD00D721A6 /* HypnoNerd-Info.plist */ = {isa = PBXFileReference; lastKnownFileType = text.plist.xml; path = "HypnoNerd-Info.plist"; sourceTree = "<group>"; };
		D0FDEE2718BBC6CD00D721A6 /* en */ = {isa = PBXFileReference; lastKnownFileType = text.plist.strings; name = en; path = en.lproj/InfoPlist.strings; sourceTree = "<group>"; };
		D0FDEE2918BBC6CD00D721A6 /* main.m */ = {isa = PBXFileReference; lastKnownFileType = sourcecode.c.objc; path = main.m; sourceTree = "<group>"; };
		D0FDEE2B18BBC6CD00D721A6 /* HypnoNerd-Prefix.pch */ = {isa = PBXFileReference; lastKnownFileType = sourcecode.c.h; path = "HypnoNerd-Prefix.pch"; sourceTree = "<group>"; };
		D0FDEE2C18BBC6CD00D721A6 /* BNRAppDelegate.h */ = {isa = PBXFileReference; lastKnownFileType = sourcecode.c.h; path = BNRAppDelegate.h; sourceTree = "<group>"; };
		D0FDEE2D18BBC6CD00D721A6 /* BNRAppDelegate.m */ = {isa = PBXFileReference; lastKnownFileType = sourcecode.c.objc; path = BNRAppDelegate.m; sourceTree = "<group>"; };
		D0FDEE2F18BBC6CD00D721A6 /* Images.xcassets */ = {isa = PBXFileReference; lastKnownFileType = folder.assetcatalog; path = Images.xcassets; sourceTree = "<group>"; };
		D0FDEE3518BBC6CD00D721A6 /* HypnoNerdTests.xctest */ = {isa = PBXFileReference; explicitFileType = wrapper.cfbundle; includeInIndex = 0; path = HypnoNerdTests.xctest; sourceTree = BUILT_PRODUCTS_DIR; };
		D0FDEE3618BBC6CD00D721A6 /* XCTest.framework */ = {isa = PBXFileReference; lastKnownFileType = wrapper.framework; name = XCTest.framework; path = Library/Frameworks/XCTest.framework; sourceTree = DEVELOPER_DIR; };
		D0FDEE3E18BBC6CD00D721A6 /* HypnoNerdTests-Info.plist */ = {isa = PBXFileReference; lastKnownFileType = text.plist.xml; path = "HypnoNerdTests-Info.plist"; sourceTree = "<group>"; };
		D0FDEE4018BBC6CD00D721A6 /* en */ = {isa = PBXFileReference; lastKnownFileType = text.plist.strings; name = en; path = en.lproj/InfoPlist.strings; sourceTree = "<group>"; };
		D0FDEE4218BBC6CD00D721A6 /* HypnoNerdTests.m */ = {isa = PBXFileReference; lastKnownFileType = sourcecode.c.objc; path = HypnoNerdTests.m; sourceTree = "<group>"; };
/* End PBXFileReference section */

/* Begin PBXFrameworksBuildPhase section */
		D0FDEE1718BBC6CD00D721A6 /* Frameworks */ = {
			isa = PBXFrameworksBuildPhase;
			buildActionMask = 2147483647;
			files = (
				D0FDEE2018BBC6CD00D721A6 /* CoreGraphics.framework in Frameworks */,
				D0FDEE2218BBC6CD00D721A6 /* UIKit.framework in Frameworks */,
				D0FDEE1E18BBC6CD00D721A6 /* Foundation.framework in Frameworks */,
			);
			runOnlyForDeploymentPostprocessing = 0;
		};
		D0FDEE3218BBC6CD00D721A6 /* Frameworks */ = {
			isa = PBXFrameworksBuildPhase;
			buildActionMask = 2147483647;
			files = (
				D0FDEE3718BBC6CD00D721A6 /* XCTest.framework in Frameworks */,
				D0FDEE3918BBC6CD00D721A6 /* UIKit.framework in Frameworks */,
				D0FDEE3818BBC6CD00D721A6 /* Foundation.framework in Frameworks */,
			);
			runOnlyForDeploymentPostprocessing = 0;
		};
/* End PBXFrameworksBuildPhase section */

/* Begin PBXGroup section */
		D0FDEE1118BBC6CD00D721A6 = {
			isa = PBXGroup;
			children = (
				D0FDEE2318BBC6CD00D721A6 /* HypnoNerd */,
				D0FDEE3C18BBC6CD00D721A6 /* HypnoNerdTests */,
				D0FDEE1C18BBC6CD00D721A6 /* Frameworks */,
				D0FDEE1B18BBC6CD00D721A6 /* Products */,
			);
			sourceTree = "<group>";
		};
		D0FDEE1B18BBC6CD00D721A6 /* Products */ = {
			isa = PBXGroup;
			children = (
				D0FDEE1A18BBC6CD00D721A6 /* HypnoNerd.app */,
				D0FDEE3518BBC6CD00D721A6 /* HypnoNerdTests.xctest */,
			);
			name = Products;
			sourceTree = "<group>";
		};
		D0FDEE1C18BBC6CD00D721A6 /* Frameworks */ = {
			isa = PBXGroup;
			children = (
				D0FDEE1D18BBC6CD00D721A6 /* Foundation.framework */,
				D0FDEE1F18BBC6CD00D721A6 /* CoreGraphics.framework */,
				D0FDEE2118BBC6CD00D721A6 /* UIKit.framework */,
				D0FDEE3618BBC6CD00D721A6 /* XCTest.framework */,
			);
			name = Frameworks;
			sourceTree = "<group>";
		};
		D0FDEE2318BBC6CD00D721A6 /* HypnoNerd */ = {
			isa = PBXGroup;
			children = (
				D0FDEE2C18BBC6CD00D721A6 /* BNRAppDelegate.h */,
				D0FDEE2D18BBC6CD00D721A6 /* BNRAppDelegate.m */,
				D0FDEE2F18BBC6CD00D721A6 /* Images.xcassets */,
				D0FDEE2418BBC6CD00D721A6 /* Supporting Files */,
			);
			path = HypnoNerd;
			sourceTree = "<group>";
		};
		D0FDEE2418BBC6CD00D721A6 /* Supporting Files */ = {
			isa = PBXGroup;
			children = (
				D0FDEE2518BBC6CD00D721A6 /* HypnoNerd-Info.plist */,
				D0FDEE2618BBC6CD00D721A6 /* InfoPlist.strings */,
				D0FDEE2918BBC6CD00D721A6 /* main.m */,
				D0FDEE2B18BBC6CD00D721A6 /* HypnoNerd-Prefix.pch */,
			);
			name = "Supporting Files";
			sourceTree = "<group>";
		};
		D0FDEE3C18BBC6CD00D721A6 /* HypnoNerdTests */ = {
			isa = PBXGroup;
			children = (
				D0FDEE4218BBC6CD00D721A6 /* HypnoNerdTests.m */,
				D0FDEE3D18BBC6CD00D721A6 /* Supporting Files */,
			);
			path = HypnoNerdTests;
			sourceTree = "<group>";
		};
		D0FDEE3D18BBC6CD00D721A6 /* Supporting Files */ = {
			isa = PBXGroup;
			children = (
				D0FDEE3E18BBC6CD00D721A6 /* HypnoNerdTests-Info.plist */,
				D0FDEE3F18BBC6CD00D721A6 /* InfoPlist.strings */,
			);
			name = "Supporting Files";
			sourceTree = "<group>";
		};
/* End PBXGroup section */

/* Begin PBXNativeTarget section */
		D0FDEE1918BBC6CD00D721A6 /* HypnoNerd */ = {
			isa = PBXNativeTarget;
			buildConfigurationList = D0FDEE4618BBC6CD00D721A6 /* Build configuration list for PBXNativeTarget "HypnoNerd" */;
			buildPhases = (
				D0FDEE1618BBC6CD00D721A6 /* Sources */,
				D0FDEE1718BBC6CD00D721A6 /* Frameworks */,
				D0FDEE1818BBC6CD00D721A6 /* Resources */,
			);
			buildRules = (
			);
			dependencies = (
			);
			name = HypnoNerd;
			productName = HypnoNerd;
			productReference = D0FDEE1A18BBC6CD00D721A6 /* HypnoNerd.app */;
			productType = "com.apple.product-type.application";
		};
		D0FDEE3418BBC6CD00D721A6 /* HypnoNerdTests */ = {
			isa = PBXNativeTarget;
			buildConfigurationList = D0FDEE4918BBC6CD00D721A6 /* Build configuration list for PBXNativeTarget "HypnoNerdTests" */;
			buildPhases = (
				D0FDEE3118BBC6CD00D721A6 /* Sources */,
				D0FDEE3218BBC6CD00D721A6 /* Frameworks */,
				D0FDEE3318BBC6CD00D721A6 /* Resources */,
			);
			buildRules = (
			);
			dependencies = (
				D0FDEE3B18BBC6CD00D721A6 /* PBXTargetDependency */,
			);
			name = HypnoNerdTests;
			productName = HypnoNerdTests;
			productReference = D0FDEE3518BBC6CD00D721A6 /* HypnoNerdTests.xctest */;
			productType = "com.apple.product-type.bundle.unit-test";
		};
/* End PBXNativeTarget section */

/* Begin PBXProject section */
		D0FDEE1218BBC6CD00D721A6 /* Project object */ = {
			isa = PBXProject;
			attributes = {
				CLASSPREFIX = BNR;
				LastUpgradeCheck = 0510;
				ORGANIZATIONNAME = "Justin Steffen";
				TargetAttributes = {
					D0FDEE3418BBC6CD00D721A6 = {
						TestTargetID = D0FDEE1918BBC6CD00D721A6;
					};
				};
			};
			buildConfigurationList = D0FDEE1518BBC6CD00D721A6 /* Build configuration list for PBXProject "HypnoNerd" */;
			compatibilityVersion = "Xcode 3.2";
			developmentRegion = English;
			hasScannedForEncodings = 0;
			knownRegions = (
				en,
			);
			mainGroup = D0FDEE1118BBC6CD00D721A6;
			productRefGroup = D0FDEE1B18BBC6CD00D721A6 /* Products */;
			projectDirPath = "";
			projectRoot = "";
			targets = (
				D0FDEE1918BBC6CD00D721A6 /* HypnoNerd */,
				D0FDEE3418BBC6CD00D721A6 /* HypnoNerdTests */,
			);
		};
/* End PBXProject section */

/* Begin PBXResourcesBuildPhase section */
		D0FDEE1818BBC6CD00D721A6 /* Resources */ = {
			isa = PBXResourcesBuildPhase;
			buildActionMask = 2147483647;
			files = (
				D0FDEE2818BBC6CD00D721A6 /* InfoPlist.strings in Resources */,
				D0FDEE3018BBC6CD00D721A6 /* Images.xcassets in Resources */,
			);
			runOnlyForDeploymentPostprocessing = 0;
		};
		D0FDEE3318BBC6CD00D721A6 /* Resources */ = {
			isa = PBXResourcesBuildPhase;
			buildActionMask = 2147483647;
			files = (
				D0FDEE4118BBC6CD00D721A6 /* InfoPlist.strings in Resources */,
			);
			runOnlyForDeploymentPostprocessing = 0;
		};
/* End PBXResourcesBuildPhase section */

/* Begin PBXSourcesBuildPhase section */
		D0FDEE1618BBC6CD00D721A6 /* Sources */ = {
			isa = PBXSourcesBuildPhase;
			buildActionMask = 2147483647;
			files = (
				D0FDEE2A18BBC6CD00D721A6 /* main.m in Sources */,
				D0FDEE2E18BBC6CD00D721A6 /* BNRAppDelegate.m in Sources */,
			);
			runOnlyForDeploymentPostprocessing = 0;
		};
		D0FDEE3118BBC6CD00D721A6 /* Sources */ = {
			isa = PBXSourcesBuildPhase;
			buildActionMask = 2147483647;
			files = (
				D0FDEE4318BBC6CD00D721A6 /* HypnoNerdTests.m in Sources */,
			);
			runOnlyForDeploymentPostprocessing = 0;
		};
/* End PBXSourcesBuildPhase section */

/* Begin PBXTargetDependency section */
		D0FDEE3B18BBC6CD00D721A6 /* PBXTargetDependency */ = {
			isa = PBXTargetDependency;
			target = D0FDEE1918BBC6CD00D721A6 /* HypnoNerd */;
			targetProxy = D0FDEE3A18BBC6CD00D721A6 /* PBXContainerItemProxy */;
		};
/* End PBXTargetDependency section */

/* Begin PBXVariantGroup section */
		D0FDEE2618BBC6CD00D721A6 /* InfoPlist.strings */ = {
			isa = PBXVariantGroup;
			children = (
				D0FDEE2718BBC6CD00D721A6 /* en */,
			);
			name = InfoPlist.strings;
			sourceTree = "<group>";
		};
		D0FDEE3F18BBC6CD00D721A6 /* InfoPlist.strings */ = {
			isa = PBXVariantGroup;
			children = (
				D0FDEE4018BBC6CD00D721A6 /* en */,
			);
			name = InfoPlist.strings;
			sourceTree = "<group>";
		};
/* End PBXVariantGroup section */

/* Begin XCBuildConfiguration section */
		D0FDEE4418BBC6CD00D721A6 /* Debug */ = {
			isa = XCBuildConfiguration;
			buildSettings = {
				ALWAYS_SEARCH_USER_PATHS = NO;
				CLANG_CXX_LANGUAGE_STANDARD = "gnu++0x";
				CLANG_CXX_LIBRARY = "libc++";
				CLANG_ENABLE_MODULES = YES;
				CLANG_ENABLE_OBJC_ARC = YES;
				CLANG_WARN_BOOL_CONVERSION = YES;
				CLANG_WARN_CONSTANT_CONVERSION = YES;
				CLANG_WARN_DIRECT_OBJC_ISA_USAGE = YES_ERROR;
				CLANG_WARN_EMPTY_BODY = YES;
				CLANG_WARN_ENUM_CONVERSION = YES;
				CLANG_WARN_INT_CONVERSION = YES;
				CLANG_WARN_OBJC_ROOT_CLASS = YES_ERROR;
				CLANG_WARN__DUPLICATE_METHOD_MATCH = YES;
				"CODE_SIGN_IDENTITY[sdk=iphoneos*]" = "iPhone Developer";
				COPY_PHASE_STRIP = NO;
				GCC_C_LANGUAGE_STANDARD = gnu99;
				GCC_DYNAMIC_NO_PIC = NO;
				GCC_OPTIMIZATION_LEVEL = 0;
				GCC_PREPROCESSOR_DEFINITIONS = (
					"DEBUG=1",
					"$(inherited)",
				);
				GCC_SYMBOLS_PRIVATE_EXTERN = NO;
				GCC_WARN_64_TO_32_BIT_CONVERSION = YES;
				GCC_WARN_ABOUT_RETURN_TYPE = YES_ERROR;
				GCC_WARN_UNDECLARED_SELECTOR = YES;
				GCC_WARN_UNINITIALIZED_AUTOS = YES_AGGRESSIVE;
				GCC_WARN_UNUSED_FUNCTION = YES;
				GCC_WARN_UNUSED_VARIABLE = YES;
				IPHONEOS_DEPLOYMENT_TARGET = 7.1;
				ONLY_ACTIVE_ARCH = YES;
				SDKROOT = iphoneos;
			};
			name = Debug;
		};
		D0FDEE4518BBC6CD00D721A6 /* Release */ = {
			isa = XCBuildConfiguration;
			buildSettings = {
				ALWAYS_SEARCH_USER_PATHS = NO;
				CLANG_CXX_LANGUAGE_STANDARD = "gnu++0x";
				CLANG_CXX_LIBRARY = "libc++";
				CLANG_ENABLE_MODULES = YES;
				CLANG_ENABLE_OBJC_ARC = YES;
				CLANG_WARN_BOOL_CONVERSION = YES;
				CLANG_WARN_CONSTANT_CONVERSION = YES;
				CLANG_WARN_DIRECT_OBJC_ISA_USAGE = YES_ERROR;
				CLANG_WARN_EMPTY_BODY = YES;
				CLANG_WARN_ENUM_CONVERSION = YES;
				CLANG_WARN_INT_CONVERSION = YES;
				CLANG_WARN_OBJC_ROOT_CLASS = YES_ERROR;
				CLANG_WARN__DUPLICATE_METHOD_MATCH = YES;
				"CODE_SIGN_IDENTITY[sdk=iphoneos*]" = "iPhone Developer";
				COPY_PHASE_STRIP = YES;
				ENABLE_NS_ASSERTIONS = NO;
				GCC_C_LANGUAGE_STANDARD = gnu99;
				GCC_WARN_64_TO_32_BIT_CONVERSION = YES;
				GCC_WARN_ABOUT_RETURN_TYPE = YES_ERROR;
				GCC_WARN_UNDECLARED_SELECTOR = YES;
				GCC_WARN_UNINITIALIZED_AUTOS = YES_AGGRESSIVE;
				GCC_WARN_UNUSED_FUNCTION = YES;
				GCC_WARN_UNUSED_VARIABLE = YES;
				IPHONEOS_DEPLOYMENT_TARGET = 7.1;
				SDKROOT = iphoneos;
				VALIDATE_PRODUCT = YES;
			};
			name = Release;
		};
		D0FDEE4718BBC6CD00D721A6 /* Debug */ = {
			isa = XCBuildConfiguration;
			buildSettings = {
				ASSETCATALOG_COMPILER_APPICON_NAME = AppIcon;
				ASSETCATALOG_COMPILER_LAUNCHIMAGE_NAME = LaunchImage;
				GCC_PRECOMPILE_PREFIX_HEADER = YES;
				GCC_PREFIX_HEADER = "HypnoNerd/HypnoNerd-Prefix.pch";
				INFOPLIST_FILE = "HypnoNerd/HypnoNerd-Info.plist";
				PRODUCT_NAME = "$(TARGET_NAME)";
				WRAPPER_EXTENSION = app;
			};
			name = Debug;
		};
		D0FDEE4818BBC6CD00D721A6 /* Release */ = {
			isa = XCBuildConfiguration;
			buildSettings = {
				ASSETCATALOG_COMPILER_APPICON_NAME = AppIcon;
				ASSETCATALOG_COMPILER_LAUNCHIMAGE_NAME = LaunchImage;
				GCC_PRECOMPILE_PREFIX_HEADER = YES;
				GCC_PREFIX_HEADER = "HypnoNerd/HypnoNerd-Prefix.pch";
				INFOPLIST_FILE = "HypnoNerd/HypnoNerd-Info.plist";
				PRODUCT_NAME = "$(TARGET_NAME)";
				WRAPPER_EXTENSION = app;
			};
			name = Release;
		};
		D0FDEE4A18BBC6CD00D721A6 /* Debug */ = {
			isa = XCBuildConfiguration;
			buildSettings = {
				BUNDLE_LOADER = "$(BUILT_PRODUCTS_DIR)/HypnoNerd.app/HypnoNerd";
				FRAMEWORK_SEARCH_PATHS = (
					"$(SDKROOT)/Developer/Library/Frameworks",
					"$(inherited)",
					"$(DEVELOPER_FRAMEWORKS_DIR)",
				);
				GCC_PRECOMPILE_PREFIX_HEADER = YES;
				GCC_PREFIX_HEADER = "HypnoNerd/HypnoNerd-Prefix.pch";
				GCC_PREPROCESSOR_DEFINITIONS = (
					"DEBUG=1",
					"$(inherited)",
				);
				INFOPLIST_FILE = "HypnoNerdTests/HypnoNerdTests-Info.plist";
				PRODUCT_NAME = "$(TARGET_NAME)";
				TEST_HOST = "$(BUNDLE_LOADER)";
				WRAPPER_EXTENSION = xctest;
			};
			name = Debug;
		};
		D0FDEE4B18BBC6CD00D721A6 /* Release */ = {
			isa = XCBuildConfiguration;
			buildSettings = {
				BUNDLE_LOADER = "$(BUILT_PRODUCTS_DIR)/HypnoNerd.app/HypnoNerd";
				FRAMEWORK_SEARCH_PATHS = (
					"$(SDKROOT)/Developer/Library/Frameworks",
					"$(inherited)",
					"$(DEVELOPER_FRAMEWORKS_DIR)",
				);
				GCC_PRECOMPILE_PREFIX_HEADER = YES;
				GCC_PREFIX_HEADER = "HypnoNerd/HypnoNerd-Prefix.pch";
				INFOPLIST_FILE = "HypnoNerdTests/HypnoNerdTests-Info.plist";
				PRODUCT_NAME = "$(TARGET_NAME)";
				TEST_HOST = "$(BUNDLE_LOADER)";
				WRAPPER_EXTENSION = xctest;
			};
			name = Release;
		};
/* End XCBuildConfiguration section */

/* Begin XCConfigurationList section */
		D0FDEE1518BBC6CD00D721A6 /* Build configuration list for PBXProject "HypnoNerd" */ = {
			isa = XCConfigurationList;
			buildConfigurations = (
				D0FDEE4418BBC6CD00D721A6 /* Debug */,
				D0FDEE4518BBC6CD00D721A6 /* Release */,
			);
			defaultConfigurationIsVisible = 0;
			defaultConfigurationName = Release;
		};
		D0FDEE4618BBC6CD00D721A6 /* Build configuration list for PBXNativeTarget "HypnoNerd" */ = {
			isa = XCConfigurationList;
			buildConfigurations = (
				D0FDEE4718BBC6CD00D721A6 /* Debug */,
				D0FDEE4818BBC6CD00D721A6 /* Release */,
			);
			defaultConfigurationIsVisible = 0;
		};
		D0FDEE4918BBC6CD00D721A6 /* Build configuration list for PBXNativeTarget "HypnoNerdTests" */ = {
			isa = XCConfigurationList;
			buildConfigurations = (
				D0FDEE4A18BBC6CD00D721A6 /* Debug */,
				D0FDEE4B18BBC6CD00D721A6 /* Release */,
			);
			defaultConfigurationIsVisible = 0;
		};
/* End XCConfigurationList section */
	};
	rootObject = D0FDEE1218BBC6CD00D721A6 /* Project object */;
}
